
Microsoft Visual Studio Solution File, Format Version 12.00
# Visual Studio Version 16
VisualStudioVersion = 16.0.32126.315
MinimumVisualStudioVersion = 10.0.40219.1
Project("{F184B08F-C81C-45F6-A57F-5ABD9991F28F}") = "DBMS_ASSIGN", "DBMS_ASSIGN\DBMS_ASSIGN.vbproj", "{D359BE72-81D1-400F-AFE4-B138035BA20C}"
EndProject
Global
	GlobalSection(SolutionConfigurationPlatforms) = preSolution
		Debug|Any CPU = Debug|Any CPU
		Release|Any CPU = Release|Any CPU
	EndGlobalSection
	GlobalSection(ProjectConfigurationPlatforms) = postSolution
		{D359BE72-81D1-400F-AFE4-B138035BA20C}.Debug|Any CPU.ActiveCfg = Debug|Any CPU
		{D359BE72-81D1-400F-AFE4-B138035BA20C}.Debug|Any CPU.Build.0 = Debug|Any CPU
		{D359BE72-81D1-400F-AFE4-B138035BA20C}.Release|Any CPU.ActiveCfg = Release|Any CPU
		{D359BE72-81D1-400F-AFE4-B138035BA20C}.Release|Any CPU.Build.0 = Release|Any CPU
	EndGlobalSection
	GlobalSection(SolutionProperties) = preSolution
		HideSolutionNode = FALSE
	EndGlobalSection
	GlobalSection(ExtensibilityGlobals) = postSolution
		SolutionGuid = {9F127FDA-6570-49D4-97A9-C484838F83BC}
	EndGlobalSection
EndGlobal
